
Microsoft Visual Studio Solution File, Format Version 12.00
# Visual Studio Version 16
VisualStudioVersion = 16.0.29709.97
MinimumVisualStudioVersion = 10.0.40219.1
Project("{FAE04EC0-301F-11D3-BF4B-00C04F79EFBC}") = "Psychological diagnosis system", "Psychological diagnosis system.csproj", "{E8B01D3C-00DF-47B7-9568-24DC104721FB}"
EndProject
Project("{FAE04EC0-301F-11D3-BF4B-00C04F79EFBC}") = "WpfApplication1", "..\wpf_Json_Address\WpfApplication1\WpfApplication1.csproj", "{44F03988-B941-4D21-952F-808AEF8CC5F3}"
EndProject
Global
	GlobalSection(SolutionConfigurationPlatforms) = preSolution
		Debug|Any CPU = Debug|Any CPU
		Release|Any CPU = Release|Any CPU
	EndGlobalSection
	GlobalSection(ProjectConfigurationPlatforms) = postSolution
		{E8B01D3C-00DF-47B7-9568-24DC104721FB}.Debug|Any CPU.ActiveCfg = Debug|Any CPU
		{E8B01D3C-00DF-47B7-9568-24DC104721FB}.Debug|Any CPU.Build.0 = Debug|Any CPU
		{E8B01D3C-00DF-47B7-9568-24DC104721FB}.Release|Any CPU.ActiveCfg = Release|Any CPU
		{E8B01D3C-00DF-47B7-9568-24DC104721FB}.Release|Any CPU.Build.0 = Release|Any CPU
		{44F03988-B941-4D21-952F-808AEF8CC5F3}.Debug|Any CPU.ActiveCfg = Debug|Any CPU
		{44F03988-B941-4D21-952F-808AEF8CC5F3}.Debug|Any CPU.Build.0 = Debug|Any CPU
		{44F03988-B941-4D21-952F-808AEF8CC5F3}.Release|Any CPU.ActiveCfg = Release|Any CPU
		{44F03988-B941-4D21-952F-808AEF8CC5F3}.Release|Any CPU.Build.0 = Release|Any CPU
	EndGlobalSection
	GlobalSection(SolutionProperties) = preSolution
		HideSolutionNode = FALSE
	EndGlobalSection
	GlobalSection(ExtensibilityGlobals) = postSolution
		SolutionGuid = {B6321916-CE89-437E-B0D1-D1969CC05AF6}
	EndGlobalSection
EndGlobal
